
Microsoft Visual Studio Solution File, Format Version 12.00
# Visual Studio Version 17
VisualStudioVersion = 17.11.35327.3
MinimumVisualStudioVersion = 10.0.40219.1
Project("{FAE04EC0-301F-11D3-BF4B-00C04F79EFBC}") = "SE-Project", "SE-Project\SE-Project.csproj", "{9466C430-F56F-4502-B9A0-784A09D61DBC}"
EndProject
Global
	GlobalSection(SolutionConfigurationPlatforms) = preSolution
		Debug|Any CPU = Debug|Any CPU
		Release|Any CPU = Release|Any CPU
	EndGlobalSection
	GlobalSection(ProjectConfigurationPlatforms) = postSolution
		{9466C430-F56F-4502-B9A0-784A09D61DBC}.Debug|Any CPU.ActiveCfg = Debug|Any CPU
		{9466C430-F56F-4502-B9A0-784A09D61DBC}.Debug|Any CPU.Build.0 = Debug|Any CPU
		{9466C430-F56F-4502-B9A0-784A09D61DBC}.Release|Any CPU.ActiveCfg = Release|Any CPU
		{9466C430-F56F-4502-B9A0-784A09D61DBC}.Release|Any CPU.Build.0 = Release|Any CPU
	EndGlobalSection
	GlobalSection(SolutionProperties) = preSolution
		HideSolutionNode = FALSE
	EndGlobalSection
	GlobalSection(ExtensibilityGlobals) = postSolution
		SolutionGuid = {3C7EAB14-95E9-4F6A-AFB1-6E0C6A0E6724}
	EndGlobalSection
EndGlobal
